
Microsoft Visual Studio Solution File, Format Version 12.00
# Visual Studio Version 17
VisualStudioVersion = 17.10.35027.167
MinimumVisualStudioVersion = 10.0.40219.1
Project("{FAE04EC0-301F-11D3-BF4B-00C04F79EFBC}") = "ToRaiseTheRays", "ToRaiseTheRays.csproj", "{0967B343-8CBF-4A76-A78E-8A8B5471426A}"
EndProject
Global
	GlobalSection(SolutionConfigurationPlatforms) = preSolution
		Debug|Any CPU = Debug|Any CPU
		Release|Any CPU = Release|Any CPU
	EndGlobalSection
	GlobalSection(ProjectConfigurationPlatforms) = postSolution
		{0967B343-8CBF-4A76-A78E-8A8B5471426A}.Debug|Any CPU.ActiveCfg = Debug|Any CPU
		{0967B343-8CBF-4A76-A78E-8A8B5471426A}.Debug|Any CPU.Build.0 = Debug|Any CPU
		{0967B343-8CBF-4A76-A78E-8A8B5471426A}.Release|Any CPU.ActiveCfg = Release|Any CPU
		{0967B343-8CBF-4A76-A78E-8A8B5471426A}.Release|Any CPU.Build.0 = Release|Any CPU
	EndGlobalSection
	GlobalSection(SolutionProperties) = preSolution
		HideSolutionNode = FALSE
	EndGlobalSection
	GlobalSection(ExtensibilityGlobals) = postSolution
		SolutionGuid = {EA3D9380-B947-478C-AB0A-92EDDB6D2D99}
	EndGlobalSection
EndGlobal
